// !$*UTF8*$!
{
	archiveVersion = 1;
	classes = {
	};
	objectVersion = 48;
	objects = {

/* Begin PBXBuildFile section */
		A511C1232151535100226B84 /* AppDelegate.m in Sources */ = {isa = PBXBuildFile; fileRef = A511C1222151535100226B84 /* AppDelegate.m */; };
		A511C1262151535100226B84 /* ViewController.m in Sources */ = {isa = PBXBuildFile; fileRef = A511C1252151535100226B84 /* ViewController.m */; };
		A511C1292151535100226B84 /* Main.storyboard in Resources */ = {isa = PBXBuildFile; fileRef = A511C1272151535100226B84 /* Main.storyboard */; };
		A511C12B2151535100226B84 /* Assets.xcassets in Resources */ = {isa = PBXBuildFile; fileRef = A511C12A2151535100226B84 /* Assets.xcassets */; };
		A511C12E2151535100226B84 /* LaunchScreen.storyboard in Resources */ = {isa = PBXBuildFile; fileRef = A511C12C2151535100226B84 /* LaunchScreen.storyboard */; };
		A511C1312151535100226B84 /* main.m in Sources */ = {isa = PBXBuildFile; fileRef = A511C1302151535100226B84 /* main.m */; };
		A511C13B2151535100226B84 /* SSNetworkTests.m in Sources */ = {isa = PBXBuildFile; fileRef = A511C13A2151535100226B84 /* SSNetworkTests.m */; };
		A511C1462151535100226B84 /* SSNetworkUITests.m in Sources */ = {isa = PBXBuildFile; fileRef = A511C1452151535100226B84 /* SSNetworkUITests.m */; };
		A511C1DC21528C6100226B84 /* AFURLResponseSerialization.m in Sources */ = {isa = PBXBuildFile; fileRef = A511C19F21528C6100226B84 /* AFURLResponseSerialization.m */; };
		A511C1DD21528C6100226B84 /* AFHTTPSessionManager.m in Sources */ = {isa = PBXBuildFile; fileRef = A511C1A021528C6100226B84 /* AFHTTPSessionManager.m */; };
		A511C1DE21528C6100226B84 /* AFURLSessionManager.m in Sources */ = {isa = PBXBuildFile; fileRef = A511C1A221528C6100226B84 /* AFURLSessionManager.m */; };
		A511C1DF21528C6100226B84 /* AFURLRequestSerialization.m in Sources */ = {isa = PBXBuildFile; fileRef = A511C1A321528C6100226B84 /* AFURLRequestSerialization.m */; };
		A511C1E021528C6100226B84 /* AFNetworkReachabilityManager.m in Sources */ = {isa = PBXBuildFile; fileRef = A511C1A521528C6100226B84 /* AFNetworkReachabilityManager.m */; };
		A511C1E121528C6100226B84 /* AFSecurityPolicy.m in Sources */ = {isa = PBXBuildFile; fileRef = A511C1A621528C6100226B84 /* AFSecurityPolicy.m */; };
		A511C1E221528C6100226B84 /* MJPropertyType.m in Sources */ = {isa = PBXBuildFile; fileRef = A511C1AD21528C6100226B84 /* MJPropertyType.m */; };
		A511C1E321528C6100226B84 /* NSObject+MJKeyValue.m in Sources */ = {isa = PBXBuildFile; fileRef = A511C1B021528C6100226B84 /* NSObject+MJKeyValue.m */; };
		A511C1E421528C6100226B84 /* MJProperty.m in Sources */ = {isa = PBXBuildFile; fileRef = A511C1B121528C6100226B84 /* MJProperty.m */; };
		A511C1E521528C6100226B84 /* NSObject+MJCoding.m in Sources */ = {isa = PBXBuildFile; fileRef = A511C1B321528C6100226B84 /* NSObject+MJCoding.m */; };
		A511C1E621528C6100226B84 /* MJExtensionConst.m in Sources */ = {isa = PBXBuildFile; fileRef = A511C1B521528C6100226B84 /* MJExtensionConst.m */; };
		A511C1E721528C6100226B84 /* NSObject+MJProperty.m in Sources */ = {isa = PBXBuildFile; fileRef = A511C1B621528C6100226B84 /* NSObject+MJProperty.m */; };
		A511C1E821528C6100226B84 /* NSObject+MJClass.m in Sources */ = {isa = PBXBuildFile; fileRef = A511C1B821528C6100226B84 /* NSObject+MJClass.m */; };
		A511C1E921528C6100226B84 /* NSString+MJExtension.m in Sources */ = {isa = PBXBuildFile; fileRef = A511C1B921528C6100226B84 /* NSString+MJExtension.m */; };
		A511C1EA21528C6100226B84 /* MJPropertyKey.m in Sources */ = {isa = PBXBuildFile; fileRef = A511C1BA21528C6100226B84 /* MJPropertyKey.m */; };
		A511C1EB21528C6100226B84 /* Info.plist in Resources */ = {isa = PBXBuildFile; fileRef = A511C1BE21528C6100226B84 /* Info.plist */; };
		A511C1EC21528C6100226B84 /* MJFoundation.m in Sources */ = {isa = PBXBuildFile; fileRef = A511C1BF21528C6100226B84 /* MJFoundation.m */; };
		A511C20E21528DAC00226B84 /* SSHttpConfig.m in Sources */ = {isa = PBXBuildFile; fileRef = A511C20421528DAC00226B84 /* SSHttpConfig.m */; };
		A511C20F21528DAC00226B84 /* SSHttpRequest.m in Sources */ = {isa = PBXBuildFile; fileRef = A511C20621528DAC00226B84 /* SSHttpRequest.m */; };
		A511C21021528DAC00226B84 /* SSHttpRequestConfig.m in Sources */ = {isa = PBXBuildFile; fileRef = A511C20721528DAC00226B84 /* SSHttpRequestConfig.m */; };
		A511C21121528DAC00226B84 /* SSCacheDataCenter.m in Sources */ = {isa = PBXBuildFile; fileRef = A511C20821528DAC00226B84 /* SSCacheDataCenter.m */; };
		A511C21221528DAC00226B84 /* SSHttpResponse.m in Sources */ = {isa = PBXBuildFile; fileRef = A511C20A21528DAC00226B84 /* SSHttpResponse.m */; };
		A511C21321528DAC00226B84 /* SSCacheBaseData.m in Sources */ = {isa = PBXBuildFile; fileRef = A511C20B21528DAC00226B84 /* SSCacheBaseData.m */; };
		A511C21421528DAC00226B84 /* SSHttpModel.m in Sources */ = {isa = PBXBuildFile; fileRef = A511C20D21528DAC00226B84 /* SSHttpModel.m */; };
		A511C2172152A19B00226B84 /* BaseModel.m in Sources */ = {isa = PBXBuildFile; fileRef = A511C2162152A19B00226B84 /* BaseModel.m */; };
		A511C21A2152A1E200226B84 /* TestModel.m in Sources */ = {isa = PBXBuildFile; fileRef = A511C2192152A1E200226B84 /* TestModel.m */; };
/* End PBXBuildFile section */

/* Begin PBXContainerItemProxy section */
		A511C1372151535100226B84 /* PBXContainerItemProxy */ = {
			isa = PBXContainerItemProxy;
			containerPortal = A511C1162151535000226B84 /* Project object */;
			proxyType = 1;
			remoteGlobalIDString = A511C11D2151535100226B84;
			remoteInfo = SSNetwork;
		};
		A511C1422151535100226B84 /* PBXContainerItemProxy */ = {
			isa = PBXContainerItemProxy;
			containerPortal = A511C1162151535000226B84 /* Project object */;
			proxyType = 1;
			remoteGlobalIDString = A511C11D2151535100226B84;
			remoteInfo = SSNetwork;
		};
/* End PBXContainerItemProxy section */

/* Begin PBXFileReference section */
		A511C11E2151535100226B84 /* SSNetwork.app */ = {isa = PBXFileReference; explicitFileType = wrapper.application; includeInIndex = 0; path = SSNetwork.app; sourceTree = BUILT_PRODUCTS_DIR; };
		A511C1212151535100226B84 /* AppDelegate.h */ = {isa = PBXFileReference; lastKnownFileType = sourcecode.c.h; path = AppDelegate.h; sourceTree = "<group>"; };
		A511C1222151535100226B84 /* AppDelegate.m */ = {isa = PBXFileReference; lastKnownFileType = sourcecode.c.objc; path = AppDelegate.m; sourceTree = "<group>"; };
		A511C1242151535100226B84 /* ViewController.h */ = {isa = PBXFileReference; lastKnownFileType = sourcecode.c.h; path = ViewController.h; sourceTree = "<group>"; };
		A511C1252151535100226B84 /* ViewController.m */ = {isa = PBXFileReference; lastKnownFileType = sourcecode.c.objc; path = ViewController.m; sourceTree = "<group>"; };
		A511C1282151535100226B84 /* Base */ = {isa = PBXFileReference; lastKnownFileType = file.storyboard; name = Base; path = Base.lproj/Main.storyboard; sourceTree = "<group>"; };
		A511C12A2151535100226B84 /* Assets.xcassets */ = {isa = PBXFileReference; lastKnownFileType = folder.assetcatalog; path = Assets.xcassets; sourceTree = "<group>"; };
		A511C12D2151535100226B84 /* Base */ = {isa = PBXFileReference; lastKnownFileType = file.storyboard; name = Base; path = Base.lproj/LaunchScreen.storyboard; sourceTree = "<group>"; };
		A511C12F2151535100226B84 /* Info.plist */ = {isa = PBXFileReference; lastKnownFileType = text.plist.xml; path = Info.plist; sourceTree = "<group>"; };
		A511C1302151535100226B84 /* main.m */ = {isa = PBXFileReference; lastKnownFileType = sourcecode.c.objc; path = main.m; sourceTree = "<group>"; };
		A511C1362151535100226B84 /* SSNetworkTests.xctest */ = {isa = PBXFileReference; explicitFileType = wrapper.cfbundle; includeInIndex = 0; path = SSNetworkTests.xctest; sourceTree = BUILT_PRODUCTS_DIR; };
		A511C13A2151535100226B84 /* SSNetworkTests.m */ = {isa = PBXFileReference; lastKnownFileType = sourcecode.c.objc; path = SSNetworkTests.m; sourceTree = "<group>"; };
		A511C13C2151535100226B84 /* Info.plist */ = {isa = PBXFileReference; lastKnownFileType = text.plist.xml; path = Info.plist; sourceTree = "<group>"; };
		A511C1412151535100226B84 /* SSNetworkUITests.xctest */ = {isa = PBXFileReference; explicitFileType = wrapper.cfbundle; includeInIndex = 0; path = SSNetworkUITests.xctest; sourceTree = BUILT_PRODUCTS_DIR; };
		A511C1452151535100226B84 /* SSNetworkUITests.m */ = {isa = PBXFileReference; lastKnownFileType = sourcecode.c.objc; path = SSNetworkUITests.m; sourceTree = "<group>"; };
		A511C1472151535100226B84 /* Info.plist */ = {isa = PBXFileReference; lastKnownFileType = text.plist.xml; path = Info.plist; sourceTree = "<group>"; };
		A511C19B21528C6100226B84 /* AFSecurityPolicy.h */ = {isa = PBXFileReference; fileEncoding = 4; lastKnownFileType = sourcecode.c.h; path = AFSecurityPolicy.h; sourceTree = "<group>"; };
		A511C19C21528C6100226B84 /* AFNetworkReachabilityManager.h */ = {isa = PBXFileReference; fileEncoding = 4; lastKnownFileType = sourcecode.c.h; path = AFNetworkReachabilityManager.h; sourceTree = "<group>"; };
		A511C19D21528C6100226B84 /* AFURLSessionManager.h */ = {isa = PBXFileReference; fileEncoding = 4; lastKnownFileType = sourcecode.c.h; path = AFURLSessionManager.h; sourceTree = "<group>"; };
		A511C19E21528C6100226B84 /* AFURLRequestSerialization.h */ = {isa = PBXFileReference; fileEncoding = 4; lastKnownFileType = sourcecode.c.h; path = AFURLRequestSerialization.h; sourceTree = "<group>"; };
		A511C19F21528C6100226B84 /* AFURLResponseSerialization.m */ = {isa = PBXFileReference; fileEncoding = 4; lastKnownFileType = sourcecode.c.objc; path = AFURLResponseSerialization.m; sourceTree = "<group>"; };
		A511C1A021528C6100226B84 /* AFHTTPSessionManager.m */ = {isa = PBXFileReference; fileEncoding = 4; lastKnownFileType = sourcecode.c.objc; path = AFHTTPSessionManager.m; sourceTree = "<group>"; };
		A511C1A121528C6100226B84 /* AFURLResponseSerialization.h */ = {isa = PBXFileReference; fileEncoding = 4; lastKnownFileType = sourcecode.c.h; path = AFURLResponseSerialization.h; sourceTree = "<group>"; };
		A511C1A221528C6100226B84 /* AFURLSessionManager.m */ = {isa = PBXFileReference; fileEncoding = 4; lastKnownFileType = sourcecode.c.objc; path = AFURLSessionManager.m; sourceTree = "<group>"; };
		A511C1A321528C6100226B84 /* AFURLRequestSerialization.m */ = {isa = PBXFileReference; fileEncoding = 4; lastKnownFileType = sourcecode.c.objc; path = AFURLRequestSerialization.m; sourceTree = "<group>"; };
		A511C1A421528C6100226B84 /* AFNetworking.h */ = {isa = PBXFileReference; fileEncoding = 4; lastKnownFileType = sourcecode.c.h; path = AFNetworking.h; sourceTree = "<group>"; };
		A511C1A521528C6100226B84 /* AFNetworkReachabilityManager.m */ = {isa = PBXFileReference; fileEncoding = 4; lastKnownFileType = sourcecode.c.objc; path = AFNetworkReachabilityManager.m; sourceTree = "<group>"; };
		A511C1A621528C6100226B84 /* AFSecurityPolicy.m */ = {isa = PBXFileReference; fileEncoding = 4; lastKnownFileType = sourcecode.c.objc; path = AFSecurityPolicy.m; sourceTree = "<group>"; };
		A511C1A721528C6100226B84 /* AFCompatibilityMacros.h */ = {isa = PBXFileReference; fileEncoding = 4; lastKnownFileType = sourcecode.c.h; path = AFCompatibilityMacros.h; sourceTree = "<group>"; };
		A511C1A821528C6100226B84 /* AFHTTPSessionManager.h */ = {isa = PBXFileReference; fileEncoding = 4; lastKnownFileType = sourcecode.c.h; path = AFHTTPSessionManager.h; sourceTree = "<group>"; };
		A511C1AA21528C6100226B84 /* MJPropertyKey.h */ = {isa = PBXFileReference; fileEncoding = 4; lastKnownFileType = sourcecode.c.h; path = MJPropertyKey.h; sourceTree = "<group>"; };
		A511C1AB21528C6100226B84 /* NSObject+MJClass.h */ = {isa = PBXFileReference; fileEncoding = 4; lastKnownFileType = sourcecode.c.h; path = "NSObject+MJClass.h"; sourceTree = "<group>"; };
		A511C1AC21528C6100226B84 /* NSString+MJExtension.h */ = {isa = PBXFileReference; fileEncoding = 4; lastKnownFileType = sourcecode.c.h; path = "NSString+MJExtension.h"; sourceTree = "<group>"; };
		A511C1AD21528C6100226B84 /* MJPropertyType.m */ = {isa = PBXFileReference; fileEncoding = 4; lastKnownFileType = sourcecode.c.objc; path = MJPropertyType.m; sourceTree = "<group>"; };
		A511C1AE21528C6100226B84 /* NSObject+MJProperty.h */ = {isa = PBXFileReference; fileEncoding = 4; lastKnownFileType = sourcecode.c.h; path = "NSObject+MJProperty.h"; sourceTree = "<group>"; };
		A511C1AF21528C6100226B84 /* MJExtensionConst.h */ = {isa = PBXFileReference; fileEncoding = 4; lastKnownFileType = sourcecode.c.h; path = MJExtensionConst.h; sourceTree = "<group>"; };
		A511C1B021528C6100226B84 /* NSObject+MJKeyValue.m */ = {isa = PBXFileReference; fileEncoding = 4; lastKnownFileType = sourcecode.c.objc; path = "NSObject+MJKeyValue.m"; sourceTree = "<group>"; };
		A511C1B121528C6100226B84 /* MJProperty.m */ = {isa = PBXFileReference; fileEncoding = 4; lastKnownFileType = sourcecode.c.objc; path = MJProperty.m; sourceTree = "<group>"; };
		A511C1B221528C6100226B84 /* MJFoundation.h */ = {isa = PBXFileReference; fileEncoding = 4; lastKnownFileType = sourcecode.c.h; path = MJFoundation.h; sourceTree = "<group>"; };
		A511C1B321528C6100226B84 /* NSObject+MJCoding.m */ = {isa = PBXFileReference; fileEncoding = 4; lastKnownFileType = sourcecode.c.objc; path = "NSObject+MJCoding.m"; sourceTree = "<group>"; };
		A511C1B421528C6100226B84 /* MJExtension.h */ = {isa = PBXFileReference; fileEncoding = 4; lastKnownFileType = sourcecode.c.h; path = MJExtension.h; sourceTree = "<group>"; };
		A511C1B521528C6100226B84 /* MJExtensionConst.m */ = {isa = PBXFileReference; fileEncoding = 4; lastKnownFileType = sourcecode.c.objc; path = MJExtensionConst.m; sourceTree = "<group>"; };
		A511C1B621528C6100226B84 /* NSObject+MJProperty.m */ = {isa = PBXFileReference; fileEncoding = 4; lastKnownFileType = sourcecode.c.objc; path = "NSObject+MJProperty.m"; sourceTree = "<group>"; };
		A511C1B721528C6100226B84 /* MJPropertyType.h */ = {isa = PBXFileReference; fileEncoding = 4; lastKnownFileType = sourcecode.c.h; path = MJPropertyType.h; sourceTree = "<group>"; };
		A511C1B821528C6100226B84 /* NSObject+MJClass.m */ = {isa = PBXFileReference; fileEncoding = 4; lastKnownFileType = sourcecode.c.objc; path = "NSObject+MJClass.m"; sourceTree = "<group>"; };
		A511C1B921528C6100226B84 /* NSString+MJExtension.m */ = {isa = PBXFileReference; fileEncoding = 4; lastKnownFileType = sourcecode.c.objc; path = "NSString+MJExtension.m"; sourceTree = "<group>"; };
		A511C1BA21528C6100226B84 /* MJPropertyKey.m */ = {isa = PBXFileReference; fileEncoding = 4; lastKnownFileType = sourcecode.c.objc; path = MJPropertyKey.m; sourceTree = "<group>"; };
		A511C1BB21528C6100226B84 /* MJProperty.h */ = {isa = PBXFileReference; fileEncoding = 4; lastKnownFileType = sourcecode.c.h; path = MJProperty.h; sourceTree = "<group>"; };
		A511C1BC21528C6100226B84 /* NSObject+MJKeyValue.h */ = {isa = PBXFileReference; fileEncoding = 4; lastKnownFileType = sourcecode.c.h; path = "NSObject+MJKeyValue.h"; sourceTree = "<group>"; };
		A511C1BD21528C6100226B84 /* NSObject+MJCoding.h */ = {isa = PBXFileReference; fileEncoding = 4; lastKnownFileType = sourcecode.c.h; path = "NSObject+MJCoding.h"; sourceTree = "<group>"; };
		A511C1BE21528C6100226B84 /* Info.plist */ = {isa = PBXFileReference; fileEncoding = 4; lastKnownFileType = text.plist.xml; path = Info.plist; sourceTree = "<group>"; };
		A511C1BF21528C6100226B84 /* MJFoundation.m */ = {isa = PBXFileReference; fileEncoding = 4; lastKnownFileType = sourcecode.c.objc; path = MJFoundation.m; sourceTree = "<group>"; };
		A511C1FE21528DAC00226B84 /* SSHttpModel.h */ = {isa = PBXFileReference; fileEncoding = 4; lastKnownFileType = sourcecode.c.h; path = SSHttpModel.h; sourceTree = "<group>"; };
		A511C20021528DAC00226B84 /* SSHttpRequestConfig.h */ = {isa = PBXFileReference; fileEncoding = 4; lastKnownFileType = sourcecode.c.h; path = SSHttpRequestConfig.h; sourceTree = "<group>"; };
		A511C20121528DAC00226B84 /* SSHttpRequest.h */ = {isa = PBXFileReference; fileEncoding = 4; lastKnownFileType = sourcecode.c.h; path = SSHttpRequest.h; sourceTree = "<group>"; };
		A511C20221528DAC00226B84 /* SSHttpResponse.h */ = {isa = PBXFileReference; fileEncoding = 4; lastKnownFileType = sourcecode.c.h; path = SSHttpResponse.h; sourceTree = "<group>"; };
		A511C20321528DAC00226B84 /* SSCacheDataCenter.h */ = {isa = PBXFileReference; fileEncoding = 4; lastKnownFileType = sourcecode.c.h; path = SSCacheDataCenter.h; sourceTree = "<group>"; };
		A511C20421528DAC00226B84 /* SSHttpConfig.m */ = {isa = PBXFileReference; fileEncoding = 4; lastKnownFileType = sourcecode.c.objc; path = SSHttpConfig.m; sourceTree = "<group>"; };
		A511C20521528DAC00226B84 /* SSCacheBaseData.h */ = {isa = PBXFileReference; fileEncoding = 4; lastKnownFileType = sourcecode.c.h; path = SSCacheBaseData.h; sourceTree = "<group>"; };
		A511C20621528DAC00226B84 /* SSHttpRequest.m */ = {isa = PBXFileReference; fileEncoding = 4; lastKnownFileType = sourcecode.c.objc; path = SSHttpRequest.m; sourceTree = "<group>"; };
		A511C20721528DAC00226B84 /* SSHttpRequestConfig.m */ = {isa = PBXFileReference; fileEncoding = 4; lastKnownFileType = sourcecode.c.objc; path = SSHttpRequestConfig.m; sourceTree = "<group>"; };
		A511C20821528DAC00226B84 /* SSCacheDataCenter.m */ = {isa = PBXFileReference; fileEncoding = 4; lastKnownFileType = sourcecode.c.objc; path = SSCacheDataCenter.m; sourceTree = "<group>"; };
		A511C20921528DAC00226B84 /* SSNetwork.h */ = {isa = PBXFileReference; fileEncoding = 4; lastKnownFileType = sourcecode.c.h; path = SSNetwork.h; sourceTree = "<group>"; };
		A511C20A21528DAC00226B84 /* SSHttpResponse.m */ = {isa = PBXFileReference; fileEncoding = 4; lastKnownFileType = sourcecode.c.objc; path = SSHttpResponse.m; sourceTree = "<group>"; };
		A511C20B21528DAC00226B84 /* SSCacheBaseData.m */ = {isa = PBXFileReference; fileEncoding = 4; lastKnownFileType = sourcecode.c.objc; path = SSCacheBaseData.m; sourceTree = "<group>"; };
		A511C20C21528DAC00226B84 /* SSHttpConfig.h */ = {isa = PBXFileReference; fileEncoding = 4; lastKnownFileType = sourcecode.c.h; path = SSHttpConfig.h; sourceTree = "<group>"; };
		A511C20D21528DAC00226B84 /* SSHttpModel.m */ = {isa = PBXFileReference; fileEncoding = 4; lastKnownFileType = sourcecode.c.objc; path = SSHttpModel.m; sourceTree = "<group>"; };
		A511C2152152A19B00226B84 /* BaseModel.h */ = {isa = PBXFileReference; lastKnownFileType = sourcecode.c.h; path = BaseModel.h; sourceTree = "<group>"; };
		A511C2162152A19B00226B84 /* BaseModel.m */ = {isa = PBXFileReference; lastKnownFileType = sourcecode.c.objc; path = BaseModel.m; sourceTree = "<group>"; };
		A511C2182152A1E200226B84 /* TestModel.h */ = {isa = PBXFileReference; lastKnownFileType = sourcecode.c.h; path = TestModel.h; sourceTree = "<group>"; };
		A511C2192152A1E200226B84 /* TestModel.m */ = {isa = PBXFileReference; lastKnownFileType = sourcecode.c.objc; path = TestModel.m; sourceTree = "<group>"; };
/* End PBXFileReference section */

/* Begin PBXFrameworksBuildPhase section */
		A511C11B2151535100226B84 /* Frameworks */ = {
			isa = PBXFrameworksBuildPhase;
			buildActionMask = 2147483647;
			files = (
			);
			runOnlyForDeploymentPostprocessing = 0;
		};
		A511C1332151535100226B84 /* Frameworks */ = {
			isa = PBXFrameworksBuildPhase;
			buildActionMask = 2147483647;
			files = (
			);
			runOnlyForDeploymentPostprocessing = 0;
		};
		A511C13E2151535100226B84 /* Frameworks */ = {
			isa = PBXFrameworksBuildPhase;
			buildActionMask = 2147483647;
			files = (
			);
			runOnlyForDeploymentPostprocessing = 0;
		};
/* End PBXFrameworksBuildPhase section */

/* Begin PBXGroup section */
		A511C1152151535000226B84 = {
			isa = PBXGroup;
			children = (
				A511C1202151535100226B84 /* SSNetwork */,
				A511C1392151535100226B84 /* SSNetworkTests */,
				A511C1442151535100226B84 /* SSNetworkUITests */,
				A511C11F2151535100226B84 /* Products */,
			);
			sourceTree = "<group>";
		};
		A511C11F2151535100226B84 /* Products */ = {
			isa = PBXGroup;
			children = (
				A511C11E2151535100226B84 /* SSNetwork.app */,
				A511C1362151535100226B84 /* SSNetworkTests.xctest */,
				A511C1412151535100226B84 /* SSNetworkUITests.xctest */,
			);
			name = Products;
			sourceTree = "<group>";
		};
		A511C1202151535100226B84 /* SSNetwork */ = {
			isa = PBXGroup;
			children = (
				A511C1FD21528D6700226B84 /* SSNetwork */,
				A511C19A21528C6100226B84 /* AFNetworking */,
				A511C1A921528C6100226B84 /* MJExtension */,
				A511C1212151535100226B84 /* AppDelegate.h */,
				A511C1222151535100226B84 /* AppDelegate.m */,
				A511C2152152A19B00226B84 /* BaseModel.h */,
				A511C2162152A19B00226B84 /* BaseModel.m */,
				A511C2182152A1E200226B84 /* TestModel.h */,
				A511C2192152A1E200226B84 /* TestModel.m */,
				A511C1242151535100226B84 /* ViewController.h */,
				A511C1252151535100226B84 /* ViewController.m */,
				A511C1272151535100226B84 /* Main.storyboard */,
				A511C12A2151535100226B84 /* Assets.xcassets */,
				A511C12C2151535100226B84 /* LaunchScreen.storyboard */,
				A511C12F2151535100226B84 /* Info.plist */,
				A511C1302151535100226B84 /* main.m */,
			);
			path = SSNetwork;
			sourceTree = "<group>";
		};
		A511C1392151535100226B84 /* SSNetworkTests */ = {
			isa = PBXGroup;
			children = (
				A511C13A2151535100226B84 /* SSNetworkTests.m */,
				A511C13C2151535100226B84 /* Info.plist */,
			);
			path = SSNetworkTests;
			sourceTree = "<group>";
		};
		A511C1442151535100226B84 /* SSNetworkUITests */ = {
			isa = PBXGroup;
			children = (
				A511C1452151535100226B84 /* SSNetworkUITests.m */,
				A511C1472151535100226B84 /* Info.plist */,
			);
			path = SSNetworkUITests;
			sourceTree = "<group>";
		};
		A511C19A21528C6100226B84 /* AFNetworking */ = {
			isa = PBXGroup;
			children = (
				A511C19B21528C6100226B84 /* AFSecurityPolicy.h */,
				A511C19C21528C6100226B84 /* AFNetworkReachabilityManager.h */,
				A511C19D21528C6100226B84 /* AFURLSessionManager.h */,
				A511C19E21528C6100226B84 /* AFURLRequestSerialization.h */,
				A511C19F21528C6100226B84 /* AFURLResponseSerialization.m */,
				A511C1A021528C6100226B84 /* AFHTTPSessionManager.m */,
				A511C1A121528C6100226B84 /* AFURLResponseSerialization.h */,
				A511C1A221528C6100226B84 /* AFURLSessionManager.m */,
				A511C1A321528C6100226B84 /* AFURLRequestSerialization.m */,
				A511C1A421528C6100226B84 /* AFNetworking.h */,
				A511C1A521528C6100226B84 /* AFNetworkReachabilityManager.m */,
				A511C1A621528C6100226B84 /* AFSecurityPolicy.m */,
				A511C1A721528C6100226B84 /* AFCompatibilityMacros.h */,
				A511C1A821528C6100226B84 /* AFHTTPSessionManager.h */,
			);
			path = AFNetworking;
			sourceTree = "<group>";
		};
		A511C1A921528C6100226B84 /* MJExtension */ = {
			isa = PBXGroup;
			children = (
				A511C1AA21528C6100226B84 /* MJPropertyKey.h */,
				A511C1AB21528C6100226B84 /* NSObject+MJClass.h */,
				A511C1AC21528C6100226B84 /* NSString+MJExtension.h */,
				A511C1AD21528C6100226B84 /* MJPropertyType.m */,
				A511C1AE21528C6100226B84 /* NSObject+MJProperty.h */,
				A511C1AF21528C6100226B84 /* MJExtensionConst.h */,
				A511C1B021528C6100226B84 /* NSObject+MJKeyValue.m */,
				A511C1B121528C6100226B84 /* MJProperty.m */,
				A511C1B221528C6100226B84 /* MJFoundation.h */,
				A511C1B321528C6100226B84 /* NSObject+MJCoding.m */,
				A511C1B421528C6100226B84 /* MJExtension.h */,
				A511C1B521528C6100226B84 /* MJExtensionConst.m */,
				A511C1B621528C6100226B84 /* NSObject+MJProperty.m */,
				A511C1B721528C6100226B84 /* MJPropertyType.h */,
				A511C1B821528C6100226B84 /* NSObject+MJClass.m */,
				A511C1B921528C6100226B84 /* NSString+MJExtension.m */,
				A511C1BA21528C6100226B84 /* MJPropertyKey.m */,
				A511C1BB21528C6100226B84 /* MJProperty.h */,
				A511C1BC21528C6100226B84 /* NSObject+MJKeyValue.h */,
				A511C1BD21528C6100226B84 /* NSObject+MJCoding.h */,
				A511C1BE21528C6100226B84 /* Info.plist */,
				A511C1BF21528C6100226B84 /* MJFoundation.m */,
			);
			path = MJExtension;
			sourceTree = "<group>";
		};
		A511C1FD21528D6700226B84 /* SSNetwork */ = {
			isa = PBXGroup;
			children = (
				A511C1FF21528DAC00226B84 /* Http */,
				A511C1FE21528DAC00226B84 /* SSHttpModel.h */,
				A511C20D21528DAC00226B84 /* SSHttpModel.m */,
			);
			path = SSNetwork;
			sourceTree = "<group>";
		};
		A511C1FF21528DAC00226B84 /* Http */ = {
			isa = PBXGroup;
			children = (
				A511C20921528DAC00226B84 /* SSNetwork.h */,
				A511C20121528DAC00226B84 /* SSHttpRequest.h */,
				A511C20621528DAC00226B84 /* SSHttpRequest.m */,
				A511C20C21528DAC00226B84 /* SSHttpConfig.h */,
				A511C20421528DAC00226B84 /* SSHttpConfig.m */,
				A511C20021528DAC00226B84 /* SSHttpRequestConfig.h */,
				A511C20721528DAC00226B84 /* SSHttpRequestConfig.m */,
				A511C20221528DAC00226B84 /* SSHttpResponse.h */,
				A511C20A21528DAC00226B84 /* SSHttpResponse.m */,
				A511C20521528DAC00226B84 /* SSCacheBaseData.h */,
				A511C20B21528DAC00226B84 /* SSCacheBaseData.m */,
				A511C20321528DAC00226B84 /* SSCacheDataCenter.h */,
				A511C20821528DAC00226B84 /* SSCacheDataCenter.m */,
			);
			path = Http;
			sourceTree = "<group>";
		};
/* End PBXGroup section */

/* Begin PBXNativeTarget section */
		A511C11D2151535100226B84 /* SSNetwork */ = {
			isa = PBXNativeTarget;
			buildConfigurationList = A511C14A2151535100226B84 /* Build configuration list for PBXNativeTarget "SSNetwork" */;
			buildPhases = (
				A511C11A2151535100226B84 /* Sources */,
				A511C11B2151535100226B84 /* Frameworks */,
				A511C11C2151535100226B84 /* Resources */,
			);
			buildRules = (
			);
			dependencies = (
			);
			name = SSNetwork;
			productName = SSNetwork;
			productReference = A511C11E2151535100226B84 /* SSNetwork.app */;
			productType = "com.apple.product-type.application";
		};
		A511C1352151535100226B84 /* SSNetworkTests */ = {
			isa = PBXNativeTarget;
			buildConfigurationList = A511C14D2151535100226B84 /* Build configuration list for PBXNativeTarget "SSNetworkTests" */;
			buildPhases = (
				A511C1322151535100226B84 /* Sources */,
				A511C1332151535100226B84 /* Frameworks */,
				A511C1342151535100226B84 /* Resources */,
			);
			buildRules = (
			);
			dependencies = (
				A511C1382151535100226B84 /* PBXTargetDependency */,
			);
			name = SSNetworkTests;
			productName = SSNetworkTests;
			productReference = A511C1362151535100226B84 /* SSNetworkTests.xctest */;
			productType = "com.apple.product-type.bundle.unit-test";
		};
		A511C1402151535100226B84 /* SSNetworkUITests */ = {
			isa = PBXNativeTarget;
			buildConfigurationList = A511C1502151535100226B84 /* Build configuration list for PBXNativeTarget "SSNetworkUITests" */;
			buildPhases = (
				A511C13D2151535100226B84 /* Sources */,
				A511C13E2151535100226B84 /* Frameworks */,
				A511C13F2151535100226B84 /* Resources */,
			);
			buildRules = (
			);
			dependencies = (
				A511C1432151535100226B84 /* PBXTargetDependency */,
			);
			name = SSNetworkUITests;
			productName = SSNetworkUITests;
			productReference = A511C1412151535100226B84 /* SSNetworkUITests.xctest */;
			productType = "com.apple.product-type.bundle.ui-testing";
		};
/* End PBXNativeTarget section */

/* Begin PBXProject section */
		A511C1162151535000226B84 /* Project object */ = {
			isa = PBXProject;
			attributes = {
				LastUpgradeCheck = 0920;
				ORGANIZATIONNAME = ThisRhythm;
				TargetAttributes = {
					A511C11D2151535100226B84 = {
						CreatedOnToolsVersion = 9.2;
						ProvisioningStyle = Automatic;
					};
					A511C1352151535100226B84 = {
						CreatedOnToolsVersion = 9.2;
						ProvisioningStyle = Automatic;
						TestTargetID = A511C11D2151535100226B84;
					};
					A511C1402151535100226B84 = {
						CreatedOnToolsVersion = 9.2;
						ProvisioningStyle = Automatic;
						TestTargetID = A511C11D2151535100226B84;
					};
				};
			};
			buildConfigurationList = A511C1192151535000226B84 /* Build configuration list for PBXProject "SSNetwork" */;
			compatibilityVersion = "Xcode 8.0";
			developmentRegion = en;
			hasScannedForEncodings = 0;
			knownRegions = (
				en,
				Base,
			);
			mainGroup = A511C1152151535000226B84;
			productRefGroup = A511C11F2151535100226B84 /* Products */;
			projectDirPath = "";
			projectRoot = "";
			targets = (
				A511C11D2151535100226B84 /* SSNetwork */,
				A511C1352151535100226B84 /* SSNetworkTests */,
				A511C1402151535100226B84 /* SSNetworkUITests */,
			);
		};
/* End PBXProject section */

/* Begin PBXResourcesBuildPhase section */
		A511C11C2151535100226B84 /* Resources */ = {
			isa = PBXResourcesBuildPhase;
			buildActionMask = 2147483647;
			files = (
				A511C1EB21528C6100226B84 /* Info.plist in Resources */,
				A511C12E2151535100226B84 /* LaunchScreen.storyboard in Resources */,
				A511C12B2151535100226B84 /* Assets.xcassets in Resources */,
				A511C1292151535100226B84 /* Main.storyboard in Resources */,
			);
			runOnlyForDeploymentPostprocessing = 0;
		};
		A511C1342151535100226B84 /* Resources */ = {
			isa = PBXResourcesBuildPhase;
			buildActionMask = 2147483647;
			files = (
			);
			runOnlyForDeploymentPostprocessing = 0;
		};
		A511C13F2151535100226B84 /* Resources */ = {
			isa = PBXResourcesBuildPhase;
			buildActionMask = 2147483647;
			files = (
			);
			runOnlyForDeploymentPostprocessing = 0;
		};
/* End PBXResourcesBuildPhase section */

/* Begin PBXSourcesBuildPhase section */
		A511C11A2151535100226B84 /* Sources */ = {
			isa = PBXSourcesBuildPhase;
			buildActionMask = 2147483647;
			files = (
				A511C2172152A19B00226B84 /* BaseModel.m in Sources */,
				A511C1EC21528C6100226B84 /* MJFoundation.m in Sources */,
				A511C21021528DAC00226B84 /* SSHttpRequestConfig.m in Sources */,
				A511C21121528DAC00226B84 /* SSCacheDataCenter.m in Sources */,
				A511C1262151535100226B84 /* ViewController.m in Sources */,
				A511C1E121528C6100226B84 /* AFSecurityPolicy.m in Sources */,
				A511C1E621528C6100226B84 /* MJExtensionConst.m in Sources */,
				A511C1312151535100226B84 /* main.m in Sources */,
				A511C1DD21528C6100226B84 /* AFHTTPSessionManager.m in Sources */,
				A511C1E321528C6100226B84 /* NSObject+MJKeyValue.m in Sources */,
				A511C1DE21528C6100226B84 /* AFURLSessionManager.m in Sources */,
				A511C1E721528C6100226B84 /* NSObject+MJProperty.m in Sources */,
				A511C20E21528DAC00226B84 /* SSHttpConfig.m in Sources */,
				A511C21321528DAC00226B84 /* SSCacheBaseData.m in Sources */,
				A511C1E221528C6100226B84 /* MJPropertyType.m in Sources */,
				A511C1E521528C6100226B84 /* NSObject+MJCoding.m in Sources */,
				A511C21421528DAC00226B84 /* SSHttpModel.m in Sources */,
				A511C1E421528C6100226B84 /* MJProperty.m in Sources */,
				A511C1DC21528C6100226B84 /* AFURLResponseSerialization.m in Sources */,
				A511C21A2152A1E200226B84 /* TestModel.m in Sources */,
				A511C21221528DAC00226B84 /* SSHttpResponse.m in Sources */,
				A511C1DF21528C6100226B84 /* AFURLRequestSerialization.m in Sources */,
				A511C1EA21528C6100226B84 /* MJPropertyKey.m in Sources */,
				A511C1E821528C6100226B84 /* NSObject+MJClass.m in Sources */,
				A511C1E921528C6100226B84 /* NSString+MJExtension.m in Sources */,
				A511C1E021528C6100226B84 /* AFNetworkReachabilityManager.m in Sources */,
				A511C20F21528DAC00226B84 /* SSHttpRequest.m in Sources */,
				A511C1232151535100226B84 /* AppDelegate.m in Sources */,
			);
			runOnlyForDeploymentPostprocessing = 0;
		};
		A511C1322151535100226B84 /* Sources */ = {
			isa = PBXSourcesBuildPhase;
			buildActionMask = 2147483647;
			files = (
				A511C13B2151535100226B84 /* SSNetworkTests.m in Sources */,
			);
			runOnlyForDeploymentPostprocessing = 0;
		};
		A511C13D2151535100226B84 /* Sources */ = {
			isa = PBXSourcesBuildPhase;
			buildActionMask = 2147483647;
			files = (
				A511C1462151535100226B84 /* SSNetworkUITests.m in Sources */,
			);
			runOnlyForDeploymentPostprocessing = 0;
		};
/* End PBXSourcesBuildPhase section */

/* Begin PBXTargetDependency section */
		A511C1382151535100226B84 /* PBXTargetDependency */ = {
			isa = PBXTargetDependency;
			target = A511C11D2151535100226B84 /* SSNetwork */;
			targetProxy = A511C1372151535100226B84 /* PBXContainerItemProxy */;
		};
		A511C1432151535100226B84 /* PBXTargetDependency */ = {
			isa = PBXTargetDependency;
			target = A511C11D2151535100226B84 /* SSNetwork */;
			targetProxy = A511C1422151535100226B84 /* PBXContainerItemProxy */;
		};
/* End PBXTargetDependency section */

/* Begin PBXVariantGroup section */
		A511C1272151535100226B84 /* Main.storyboard */ = {
			isa = PBXVariantGroup;
			children = (
				A511C1282151535100226B84 /* Base */,
			);
			name = Main.storyboard;
			sourceTree = "<group>";
		};
		A511C12C2151535100226B84 /* LaunchScreen.storyboard */ = {
			isa = PBXVariantGroup;
			children = (
				A511C12D2151535100226B84 /* Base */,
			);
			name = LaunchScreen.storyboard;
			sourceTree = "<group>";
		};
/* End PBXVariantGroup section */

/* Begin XCBuildConfiguration section */
		A511C1482151535100226B84 /* Debug */ = {
			isa = XCBuildConfiguration;
			buildSettings = {
				ALWAYS_SEARCH_USER_PATHS = NO;
				CLANG_ANALYZER_NONNULL = YES;
				CLANG_ANALYZER_NUMBER_OBJECT_CONVERSION = YES_AGGRESSIVE;
				CLANG_CXX_LANGUAGE_STANDARD = "gnu++14";
				CLANG_CXX_LIBRARY = "libc++";
				CLANG_ENABLE_MODULES = YES;
				CLANG_ENABLE_OBJC_ARC = YES;
				CLANG_WARN_BLOCK_CAPTURE_AUTORELEASING = YES;
				CLANG_WARN_BOOL_CONVERSION = YES;
				CLANG_WARN_COMMA = YES;
				CLANG_WARN_CONSTANT_CONVERSION = YES;
				CLANG_WARN_DIRECT_OBJC_ISA_USAGE = YES_ERROR;
				CLANG_WARN_DOCUMENTATION_COMMENTS = YES;
				CLANG_WARN_EMPTY_BODY = YES;
				CLANG_WARN_ENUM_CONVERSION = YES;
				CLANG_WARN_INFINITE_RECURSION = YES;
				CLANG_WARN_INT_CONVERSION = YES;
				CLANG_WARN_NON_LITERAL_NULL_CONVERSION = YES;
				CLANG_WARN_OBJC_LITERAL_CONVERSION = YES;
				CLANG_WARN_OBJC_ROOT_CLASS = YES_ERROR;
				CLANG_WARN_RANGE_LOOP_ANALYSIS = YES;
				CLANG_WARN_STRICT_PROTOTYPES = YES;
				CLANG_WARN_SUSPICIOUS_MOVE = YES;
				CLANG_WARN_UNGUARDED_AVAILABILITY = YES_AGGRESSIVE;
				CLANG_WARN_UNREACHABLE_CODE = YES;
				CLANG_WARN__DUPLICATE_METHOD_MATCH = YES;
				CODE_SIGN_IDENTITY = "iPhone Developer";
				COPY_PHASE_STRIP = NO;
				DEBUG_INFORMATION_FORMAT = dwarf;
				ENABLE_STRICT_OBJC_MSGSEND = YES;
				ENABLE_TESTABILITY = YES;
				GCC_C_LANGUAGE_STANDARD = gnu11;
				GCC_DYNAMIC_NO_PIC = NO;
				GCC_NO_COMMON_BLOCKS = YES;
				GCC_OPTIMIZATION_LEVEL = 0;
				GCC_PREPROCESSOR_DEFINITIONS = (
					"DEBUG=1",
					"$(inherited)",
				);
				GCC_WARN_64_TO_32_BIT_CONVERSION = YES;
				GCC_WARN_ABOUT_RETURN_TYPE = YES_ERROR;
				GCC_WARN_UNDECLARED_SELECTOR = YES;
				GCC_WARN_UNINITIALIZED_AUTOS = YES_AGGRESSIVE;
				GCC_WARN_UNUSED_FUNCTION = YES;
				GCC_WARN_UNUSED_VARIABLE = YES;
				IPHONEOS_DEPLOYMENT_TARGET = 11.2;
				MTL_ENABLE_DEBUG_INFO = YES;
				ONLY_ACTIVE_ARCH = YES;
				SDKROOT = iphoneos;
			};
			name = Debug;
		};
		A511C1492151535100226B84 /* Release */ = {
			isa = XCBuildConfiguration;
			buildSettings = {
				ALWAYS_SEARCH_USER_PATHS = NO;
				CLANG_ANALYZER_NONNULL = YES;
				CLANG_ANALYZER_NUMBER_OBJECT_CONVERSION = YES_AGGRESSIVE;
				CLANG_CXX_LANGUAGE_STANDARD = "gnu++14";
				CLANG_CXX_LIBRARY = "libc++";
				CLANG_ENABLE_MODULES = YES;
				CLANG_ENABLE_OBJC_ARC = YES;
				CLANG_WARN_BLOCK_CAPTURE_AUTORELEASING = YES;
				CLANG_WARN_BOOL_CONVERSION = YES;
				CLANG_WARN_COMMA = YES;
				CLANG_WARN_CONSTANT_CONVERSION = YES;
				CLANG_WARN_DIRECT_OBJC_ISA_USAGE = YES_ERROR;
				CLANG_WARN_DOCUMENTATION_COMMENTS = YES;
				CLANG_WARN_EMPTY_BODY = YES;
				CLANG_WARN_ENUM_CONVERSION = YES;
				CLANG_WARN_INFINITE_RECURSION = YES;
				CLANG_WARN_INT_CONVERSION = YES;
				CLANG_WARN_NON_LITERAL_NULL_CONVERSION = YES;
				CLANG_WARN_OBJC_LITERAL_CONVERSION = YES;
				CLANG_WARN_OBJC_ROOT_CLASS = YES_ERROR;
				CLANG_WARN_RANGE_LOOP_ANALYSIS = YES;
				CLANG_WARN_STRICT_PROTOTYPES = YES;
				CLANG_WARN_SUSPICIOUS_MOVE = YES;
				CLANG_WARN_UNGUARDED_AVAILABILITY = YES_AGGRESSIVE;
				CLANG_WARN_UNREACHABLE_CODE = YES;
				CLANG_WARN__DUPLICATE_METHOD_MATCH = YES;
				CODE_SIGN_IDENTITY = "iPhone Developer";
				COPY_PHASE_STRIP = NO;
				DEBUG_INFORMATION_FORMAT = "dwarf-with-dsym";
				ENABLE_NS_ASSERTIONS = NO;
				ENABLE_STRICT_OBJC_MSGSEND = YES;
				GCC_C_LANGUAGE_STANDARD = gnu11;
				GCC_NO_COMMON_BLOCKS = YES;
				GCC_WARN_64_TO_32_BIT_CONVERSION = YES;
				GCC_WARN_ABOUT_RETURN_TYPE = YES_ERROR;
				GCC_WARN_UNDECLARED_SELECTOR = YES;
				GCC_WARN_UNINITIALIZED_AUTOS = YES_AGGRESSIVE;
				GCC_WARN_UNUSED_FUNCTION = YES;
				GCC_WARN_UNUSED_VARIABLE = YES;
				IPHONEOS_DEPLOYMENT_TARGET = 11.2;
				MTL_ENABLE_DEBUG_INFO = NO;
				SDKROOT = iphoneos;
				VALIDATE_PRODUCT = YES;
			};
			name = Release;
		};
		A511C14B2151535100226B84 /* Debug */ = {
			isa = XCBuildConfiguration;
			buildSettings = {
				ASSETCATALOG_COMPILER_APPICON_NAME = AppIcon;
				CODE_SIGN_STYLE = Automatic;
				INFOPLIST_FILE = SSNetwork/Info.plist;
				LD_RUNPATH_SEARCH_PATHS = "$(inherited) @executable_path/Frameworks";
				PRODUCT_BUNDLE_IDENTIFIER = SSNetwork.SSNetwork;
				PRODUCT_NAME = "$(TARGET_NAME)";
				TARGETED_DEVICE_FAMILY = "1,2";
			};
			name = Debug;
		};
		A511C14C2151535100226B84 /* Release */ = {
			isa = XCBuildConfiguration;
			buildSettings = {
				ASSETCATALOG_COMPILER_APPICON_NAME = AppIcon;
				CODE_SIGN_STYLE = Automatic;
				INFOPLIST_FILE = SSNetwork/Info.plist;
				LD_RUNPATH_SEARCH_PATHS = "$(inherited) @executable_path/Frameworks";
				PRODUCT_BUNDLE_IDENTIFIER = SSNetwork.SSNetwork;
				PRODUCT_NAME = "$(TARGET_NAME)";
				TARGETED_DEVICE_FAMILY = "1,2";
			};
			name = Release;
		};
		A511C14E2151535100226B84 /* Debug */ = {
			isa = XCBuildConfiguration;
			buildSettings = {
				BUNDLE_LOADER = "$(TEST_HOST)";
				CODE_SIGN_STYLE = Automatic;
				INFOPLIST_FILE = SSNetworkTests/Info.plist;
				LD_RUNPATH_SEARCH_PATHS = "$(inherited) @executable_path/Frameworks @loader_path/Frameworks";
				PRODUCT_BUNDLE_IDENTIFIER = SSNetwork.SSNetworkTests;
				PRODUCT_NAME = "$(TARGET_NAME)";
				TARGETED_DEVICE_FAMILY = "1,2";
				TEST_HOST = "$(BUILT_PRODUCTS_DIR)/SSNetwork.app/SSNetwork";
			};
			name = Debug;
		};
		A511C14F2151535100226B84 /* Release */ = {
			isa = XCBuildConfiguration;
			buildSettings = {
				BUNDLE_LOADER = "$(TEST_HOST)";
				CODE_SIGN_STYLE = Automatic;
				INFOPLIST_FILE = SSNetworkTests/Info.plist;
				LD_RUNPATH_SEARCH_PATHS = "$(inherited) @executable_path/Frameworks @loader_path/Frameworks";
				PRODUCT_BUNDLE_IDENTIFIER = SSNetwork.SSNetworkTests;
				PRODUCT_NAME = "$(TARGET_NAME)";
				TARGETED_DEVICE_FAMILY = "1,2";
				TEST_HOST = "$(BUILT_PRODUCTS_DIR)/SSNetwork.app/SSNetwork";
			};
			name = Release;
		};
		A511C1512151535100226B84 /* Debug */ = {
			isa = XCBuildConfiguration;
			buildSettings = {
				CODE_SIGN_STYLE = Automatic;
				INFOPLIST_FILE = SSNetworkUITests/Info.plist;
				LD_RUNPATH_SEARCH_PATHS = "$(inherited) @executable_path/Frameworks @loader_path/Frameworks";
				PRODUCT_BUNDLE_IDENTIFIER = SSNetwork.SSNetworkUITests;
				PRODUCT_NAME = "$(TARGET_NAME)";
				TARGETED_DEVICE_FAMILY = "1,2";
				TEST_TARGET_NAME = SSNetwork;
			};
			name = Debug;
		};
		A511C1522151535100226B84 /* Release */ = {
			isa = XCBuildConfiguration;
			buildSettings = {
				CODE_SIGN_STYLE = Automatic;
				INFOPLIST_FILE = SSNetworkUITests/Info.plist;
				LD_RUNPATH_SEARCH_PATHS = "$(inherited) @executable_path/Frameworks @loader_path/Frameworks";
				PRODUCT_BUNDLE_IDENTIFIER = SSNetwork.SSNetworkUITests;
				PRODUCT_NAME = "$(TARGET_NAME)";
				TARGETED_DEVICE_FAMILY = "1,2";
				TEST_TARGET_NAME = SSNetwork;
			};
			name = Release;
		};
/* End XCBuildConfiguration section */

/* Begin XCConfigurationList section */
		A511C1192151535000226B84 /* Build configuration list for PBXProject "SSNetwork" */ = {
			isa = XCConfigurationList;
			buildConfigurations = (
				A511C1482151535100226B84 /* Debug */,
				A511C1492151535100226B84 /* Release */,
			);
			defaultConfigurationIsVisible = 0;
			defaultConfigurationName = Release;
		};
		A511C14A2151535100226B84 /* Build configuration list for PBXNativeTarget "SSNetwork" */ = {
			isa = XCConfigurationList;
			buildConfigurations = (
				A511C14B2151535100226B84 /* Debug */,
				A511C14C2151535100226B84 /* Release */,
			);
			defaultConfigurationIsVisible = 0;
			defaultConfigurationName = Release;
		};
		A511C14D2151535100226B84 /* Build configuration list for PBXNativeTarget "SSNetworkTests" */ = {
			isa = XCConfigurationList;
			buildConfigurations = (
				A511C14E2151535100226B84 /* Debug */,
				A511C14F2151535100226B84 /* Release */,
			);
			defaultConfigurationIsVisible = 0;
			defaultConfigurationName = Release;
		};
		A511C1502151535100226B84 /* Build configuration list for PBXNativeTarget "SSNetworkUITests" */ = {
			isa = XCConfigurationList;
			buildConfigurations = (
				A511C1512151535100226B84 /* Debug */,
				A511C1522151535100226B84 /* Release */,
			);
			defaultConfigurationIsVisible = 0;
			defaultConfigurationName = Release;
		};
/* End XCConfigurationList section */
	};
	rootObject = A511C1162151535000226B84 /* Project object */;
}
